
Microsoft Visual Studio Solution File, Format Version 12.00
# Visual Studio Version 17
VisualStudioVersion = 17.5.33530.505
MinimumVisualStudioVersion = 10.0.40219.1
Project("{9A19103F-16F7-4668-BE54-9A1E7A4F7556}") = "Library.Server", "Library\Server\Library.Server.csproj", "{FE881B68-8D7D-4692-81E8-4764E7EB663E}"
EndProject
Project("{9A19103F-16F7-4668-BE54-9A1E7A4F7556}") = "Library.Client", "Library\Client\Library.Client.csproj", "{FC380EF7-58EA-4814-BBD3-90B6F94EEAE1}"
EndProject
Project("{9A19103F-16F7-4668-BE54-9A1E7A4F7556}") = "Library.Shared", "Library\Shared\Library.Shared.csproj", "{B83FC82F-A980-4D0C-808E-FD56E1CAE6B5}"
EndProject
Global
	GlobalSection(SolutionConfigurationPlatforms) = preSolution
		Debug|Any CPU = Debug|Any CPU
		Release|Any CPU = Release|Any CPU
	EndGlobalSection
	GlobalSection(ProjectConfigurationPlatforms) = postSolution
		{FE881B68-8D7D-4692-81E8-4764E7EB663E}.Debug|Any CPU.ActiveCfg = Debug|Any CPU
		{FE881B68-8D7D-4692-81E8-4764E7EB663E}.Debug|Any CPU.Build.0 = Debug|Any CPU
		{FE881B68-8D7D-4692-81E8-4764E7EB663E}.Release|Any CPU.ActiveCfg = Release|Any CPU
		{FE881B68-8D7D-4692-81E8-4764E7EB663E}.Release|Any CPU.Build.0 = Release|Any CPU
		{FC380EF7-58EA-4814-BBD3-90B6F94EEAE1}.Debug|Any CPU.ActiveCfg = Debug|Any CPU
		{FC380EF7-58EA-4814-BBD3-90B6F94EEAE1}.Debug|Any CPU.Build.0 = Debug|Any CPU
		{FC380EF7-58EA-4814-BBD3-90B6F94EEAE1}.Release|Any CPU.ActiveCfg = Release|Any CPU
		{FC380EF7-58EA-4814-BBD3-90B6F94EEAE1}.Release|Any CPU.Build.0 = Release|Any CPU
		{B83FC82F-A980-4D0C-808E-FD56E1CAE6B5}.Debug|Any CPU.ActiveCfg = Debug|Any CPU
		{B83FC82F-A980-4D0C-808E-FD56E1CAE6B5}.Debug|Any CPU.Build.0 = Debug|Any CPU
		{B83FC82F-A980-4D0C-808E-FD56E1CAE6B5}.Release|Any CPU.ActiveCfg = Release|Any CPU
		{B83FC82F-A980-4D0C-808E-FD56E1CAE6B5}.Release|Any CPU.Build.0 = Release|Any CPU
	EndGlobalSection
	GlobalSection(SolutionProperties) = preSolution
		HideSolutionNode = FALSE
	EndGlobalSection
	GlobalSection(ExtensibilityGlobals) = postSolution
		SolutionGuid = {FF668BD3-1D81-43CA-8D91-861D0271F82A}
	EndGlobalSection
EndGlobal
